
Microsoft Visual Studio Solution File, Format Version 12.00
# Visual Studio Version 17
VisualStudioVersion = 17.13.35828.75 d17.13
MinimumVisualStudioVersion = 10.0.40219.1
Project("{8BC9CEB8-8B4A-11D0-8D11-00A0C91BC942}") = "bai2", "bai2.vcxproj", "{3EA2E5A8-EFFF-4AEE-921B-70155952708B}"
EndProject
Global
	GlobalSection(SolutionConfigurationPlatforms) = preSolution
		Debug|x64 = Debug|x64
		Debug|x86 = Debug|x86
		Release|x64 = Release|x64
		Release|x86 = Release|x86
	EndGlobalSection
	GlobalSection(ProjectConfigurationPlatforms) = postSolution
		{3EA2E5A8-EFFF-4AEE-921B-70155952708B}.Debug|x64.ActiveCfg = Debug|x64
		{3EA2E5A8-EFFF-4AEE-921B-70155952708B}.Debug|x64.Build.0 = Debug|x64
		{3EA2E5A8-EFFF-4AEE-921B-70155952708B}.Debug|x86.ActiveCfg = Debug|Win32
		{3EA2E5A8-EFFF-4AEE-921B-70155952708B}.Debug|x86.Build.0 = Debug|Win32
		{3EA2E5A8-EFFF-4AEE-921B-70155952708B}.Release|x64.ActiveCfg = Release|x64
		{3EA2E5A8-EFFF-4AEE-921B-70155952708B}.Release|x64.Build.0 = Release|x64
		{3EA2E5A8-EFFF-4AEE-921B-70155952708B}.Release|x86.ActiveCfg = Release|Win32
		{3EA2E5A8-EFFF-4AEE-921B-70155952708B}.Release|x86.Build.0 = Release|Win32
	EndGlobalSection
	GlobalSection(SolutionProperties) = preSolution
		HideSolutionNode = FALSE
	EndGlobalSection
	GlobalSection(ExtensibilityGlobals) = postSolution
		SolutionGuid = {FB35EBDF-68EA-43A5-858A-3E8E2945ED4B}
	EndGlobalSection
EndGlobal
